
Microsoft Visual Studio Solution File, Format Version 12.00
# Visual Studio Version 17
VisualStudioVersion = 17.8.34525.116
MinimumVisualStudioVersion = 10.0.40219.1
Project("{FAE04EC0-301F-11D3-BF4B-00C04F79EFBC}") = "consoleGame", "consoleGame.csproj", "{3B172A00-DC9C-4C06-AEC9-549B1A3F04DA}"
EndProject
Global
	GlobalSection(SolutionConfigurationPlatforms) = preSolution
		Debug|Any CPU = Debug|Any CPU
		Release|Any CPU = Release|Any CPU
	EndGlobalSection
	GlobalSection(ProjectConfigurationPlatforms) = postSolution
		{3B172A00-DC9C-4C06-AEC9-549B1A3F04DA}.Debug|Any CPU.ActiveCfg = Debug|Any CPU
		{3B172A00-DC9C-4C06-AEC9-549B1A3F04DA}.Debug|Any CPU.Build.0 = Debug|Any CPU
		{3B172A00-DC9C-4C06-AEC9-549B1A3F04DA}.Release|Any CPU.ActiveCfg = Release|Any CPU
		{3B172A00-DC9C-4C06-AEC9-549B1A3F04DA}.Release|Any CPU.Build.0 = Release|Any CPU
	EndGlobalSection
	GlobalSection(SolutionProperties) = preSolution
		HideSolutionNode = FALSE
	EndGlobalSection
	GlobalSection(ExtensibilityGlobals) = postSolution
		SolutionGuid = {27773BD4-0AA5-45F3-AC93-EE97B3BAA445}
	EndGlobalSection
EndGlobal
